
Microsoft Visual Studio Solution File, Format Version 12.00
# Visual Studio Version 17
VisualStudioVersion = 17.2.32526.322
MinimumVisualStudioVersion = 10.0.40219.1
Project("{8BC9CEB8-8B4A-11D0-8D11-00A0C91BC942}") = "lecture_8", "lecture_8.vcxproj", "{57DE24D8-0ED0-4778-B5EC-50FAE04F7FAB}"
EndProject
Global
	GlobalSection(SolutionConfigurationPlatforms) = preSolution
		Debug|x64 = Debug|x64
		Debug|x86 = Debug|x86
		Release|x64 = Release|x64
		Release|x86 = Release|x86
	EndGlobalSection
	GlobalSection(ProjectConfigurationPlatforms) = postSolution
		{57DE24D8-0ED0-4778-B5EC-50FAE04F7FAB}.Debug|x64.ActiveCfg = Debug|x64
		{57DE24D8-0ED0-4778-B5EC-50FAE04F7FAB}.Debug|x64.Build.0 = Debug|x64
		{57DE24D8-0ED0-4778-B5EC-50FAE04F7FAB}.Debug|x86.ActiveCfg = Debug|Win32
		{57DE24D8-0ED0-4778-B5EC-50FAE04F7FAB}.Debug|x86.Build.0 = Debug|Win32
		{57DE24D8-0ED0-4778-B5EC-50FAE04F7FAB}.Release|x64.ActiveCfg = Release|x64
		{57DE24D8-0ED0-4778-B5EC-50FAE04F7FAB}.Release|x64.Build.0 = Release|x64
		{57DE24D8-0ED0-4778-B5EC-50FAE04F7FAB}.Release|x86.ActiveCfg = Release|Win32
		{57DE24D8-0ED0-4778-B5EC-50FAE04F7FAB}.Release|x86.Build.0 = Release|Win32
	EndGlobalSection
	GlobalSection(SolutionProperties) = preSolution
		HideSolutionNode = FALSE
	EndGlobalSection
	GlobalSection(ExtensibilityGlobals) = postSolution
		SolutionGuid = {7312A4FB-32B9-4841-AFCB-3ADD841A88A2}
	EndGlobalSection
EndGlobal
